
Microsoft Visual Studio Solution File, Format Version 12.00
# Visual Studio Version 17
VisualStudioVersion = 17.0.31919.166
MinimumVisualStudioVersion = 10.0.40219.1
Project("{FAE04EC0-301F-11D3-BF4B-00C04F79EFBC}") = "19", "19.csproj", "{7D0963A8-1E07-419D-80E5-3B0BD8769759}"
EndProject
Global
	GlobalSection(SolutionConfigurationPlatforms) = preSolution
		Debug|Any CPU = Debug|Any CPU
		Release|Any CPU = Release|Any CPU
	EndGlobalSection
	GlobalSection(ProjectConfigurationPlatforms) = postSolution
		{7D0963A8-1E07-419D-80E5-3B0BD8769759}.Debug|Any CPU.ActiveCfg = Debug|Any CPU
		{7D0963A8-1E07-419D-80E5-3B0BD8769759}.Debug|Any CPU.Build.0 = Debug|Any CPU
		{7D0963A8-1E07-419D-80E5-3B0BD8769759}.Release|Any CPU.ActiveCfg = Release|Any CPU
		{7D0963A8-1E07-419D-80E5-3B0BD8769759}.Release|Any CPU.Build.0 = Release|Any CPU
	EndGlobalSection
	GlobalSection(SolutionProperties) = preSolution
		HideSolutionNode = FALSE
	EndGlobalSection
	GlobalSection(ExtensibilityGlobals) = postSolution
		SolutionGuid = {37771F44-7F4D-490A-91D7-99876EE23DD9}
	EndGlobalSection
EndGlobal
